{
  "name": "dataurl-cli",
  "version": "0.0.0",
  "lockfileVersion": 2,
  "requires": true,
  "packages": {
    "": {
      "name": "dataurl-cli",
      "version": "0.0.0",
      "license": "MIT",
      "dependencies": {
        "dataurl": "^0.1.0"
      }
    },
    "node_modules/dataurl": {
      "version": "0.1.0",
      "resolved": "https://registry.npmjs.org/dataurl/-/dataurl-0.1.0.tgz",
      "integrity": "sha512-Im/HTNIW0RKt/HrKxNs92wOq2OZ6ebkhDcNGnc7iojL7UaWoyu25J5Iz3DnSif35HgGsepQ5F0ufdOwiypFLtg=="
    }
  },
  "dependencies": {
    "dataurl": {
      "version": "0.1.0",
      "resolved": "https://registry.npmjs.org/dataurl/-/dataurl-0.1.0.tgz",
      "integrity": "sha512-Im/HTNIW0RKt/HrKxNs92wOq2OZ6ebkhDcNGnc7iojL7UaWoyu25J5Iz3DnSif35HgGsepQ5F0ufdOwiypFLtg=="
    }
  }
}
